
Microsoft Visual Studio Solution File, Format Version 12.00
# Visual Studio Version 17
VisualStudioVersion = 17.6.33723.286
MinimumVisualStudioVersion = 10.0.40219.1
Project("{FAE04EC0-301F-11D3-BF4B-00C04F79EFBC}") = "JwtAuth", "JwtAuth\JwtAuth.csproj", "{EBD0BDD7-3D11-4D82-B088-D521125DA349}"
EndProject
Project("{2150E333-8FDC-42A3-9474-1A3956D46DE8}") = "Solution Items", "Solution Items", "{C1771D6A-E603-4167-B4E4-EABB3A4A229E}"
	ProjectSection(SolutionItems) = preProject
		.editorconfig = .editorconfig
	EndProjectSection
EndProject
Global
	GlobalSection(SolutionConfigurationPlatforms) = preSolution
		Debug|Any CPU = Debug|Any CPU
		Release|Any CPU = Release|Any CPU
	EndGlobalSection
	GlobalSection(ProjectConfigurationPlatforms) = postSolution
		{EBD0BDD7-3D11-4D82-B088-D521125DA349}.Debug|Any CPU.ActiveCfg = Debug|Any CPU
		{EBD0BDD7-3D11-4D82-B088-D521125DA349}.Debug|Any CPU.Build.0 = Debug|Any CPU
		{EBD0BDD7-3D11-4D82-B088-D521125DA349}.Release|Any CPU.ActiveCfg = Release|Any CPU
		{EBD0BDD7-3D11-4D82-B088-D521125DA349}.Release|Any CPU.Build.0 = Release|Any CPU
	EndGlobalSection
	GlobalSection(SolutionProperties) = preSolution
		HideSolutionNode = FALSE
	EndGlobalSection
	GlobalSection(ExtensibilityGlobals) = postSolution
		SolutionGuid = {C5E696B5-BDA0-4487-A7E5-E1FB74014E15}
	EndGlobalSection
EndGlobal
